
Microsoft Visual Studio Solution File, Format Version 12.00
# Visual Studio Version 16
VisualStudioVersion = 16.0.29709.97
MinimumVisualStudioVersion = 10.0.40219.1
Project("{FAE04EC0-301F-11D3-BF4B-00C04F79EFBC}") = "WhatsappChatToCsv", "WhatsappChatToCsv\WhatsappChatToCsv.csproj", "{042DBAE1-398B-417C-A154-5518067A5388}"
EndProject
Global
	GlobalSection(SolutionConfigurationPlatforms) = preSolution
		Debug|Any CPU = Debug|Any CPU
		Release|Any CPU = Release|Any CPU
	EndGlobalSection
	GlobalSection(ProjectConfigurationPlatforms) = postSolution
		{042DBAE1-398B-417C-A154-5518067A5388}.Debug|Any CPU.ActiveCfg = Debug|Any CPU
		{042DBAE1-398B-417C-A154-5518067A5388}.Debug|Any CPU.Build.0 = Debug|Any CPU
		{042DBAE1-398B-417C-A154-5518067A5388}.Release|Any CPU.ActiveCfg = Release|Any CPU
		{042DBAE1-398B-417C-A154-5518067A5388}.Release|Any CPU.Build.0 = Release|Any CPU
	EndGlobalSection
	GlobalSection(SolutionProperties) = preSolution
		HideSolutionNode = FALSE
	EndGlobalSection
	GlobalSection(ExtensibilityGlobals) = postSolution
		SolutionGuid = {CD1A6854-C3CC-4415-9B4B-D865EBFA5096}
	EndGlobalSection
EndGlobal
